
Microsoft Visual Studio Solution File, Format Version 12.00
# Visual Studio Version 17
VisualStudioVersion = 17.6.33723.286
MinimumVisualStudioVersion = 10.0.40219.1
Project("{8BC9CEB8-8B4A-11D0-8D11-00A0C91BC942}") = "prepare", "prepare\prepare.vcxproj", "{48578B25-F1CE-1033-484C-76884D05DA77}"
EndProject
Project("{8BC9CEB8-8B4A-11D0-8D11-00A0C91BC942}") = "ScEntry", "ScEntry\ScEntry.vcxproj", "{E91A4892-8E4C-D8B7-599C-3358FFF20CB6}"
EndProject
Project("{8BC9CEB8-8B4A-11D0-8D11-00A0C91BC942}") = "DecryptUnpackRun", "DecryptUnpackRun\DecryptUnpackRun.vcxproj", "{BDC6BB36-8D34-78DA-2051-7A40214FB845}"
EndProject
Project("{8BC9CEB8-8B4A-11D0-8D11-00A0C91BC942}") = "ESC", "ESC\ESC.vcxproj", "{435235B0-2C16-42AA-83E6-C5508DD1D350}"
EndProject
Project("{8BC9CEB8-8B4A-11D0-8D11-00A0C91BC942}") = "hello", "hello\hello.vcxproj", "{633C619A-510E-E3D4-D208-18F6763417D4}"
EndProject
Project("{8BC9CEB8-8B4A-11D0-8D11-00A0C91BC942}") = "ScLfm", "ScLfm\ScLfm.vcxproj", "{F743F671-FE6B-306B-B130-F4C90CFCD789}"
EndProject
Project("{8BC9CEB8-8B4A-11D0-8D11-00A0C91BC942}") = "Exec-x64", "Exec-x64\Exec-x64.vcxproj", "{7D8D57CF-6C6C-4F2D-4124-8CC471B02EA1}"
EndProject
Project("{8BC9CEB8-8B4A-11D0-8D11-00A0C91BC942}") = "DownloadAndRun-x86", "DownloadAndRun-x86\DownloadAndRun-x86.vcxproj", "{41DC60FF-4598-9334-F43C-3670EE21066B}"
EndProject
Project("{8BC9CEB8-8B4A-11D0-8D11-00A0C91BC942}") = "CertLogon#1", "CertLogon#1\CertLogon#1.vcxproj", "{B4DDBFF7-656B-C26A-F3CB-C7C1ABA34806}"
EndProject
Project("{8BC9CEB8-8B4A-11D0-8D11-00A0C91BC942}") = "CertLogon#2", "CertLogon#2\CertLogon#2.vcxproj", "{6AE06417-9937-C3C2-F543-FB6EB9D7176F}"
EndProject
Project("{8BC9CEB8-8B4A-11D0-8D11-00A0C91BC942}") = "ModKdc", "ModKdc\ModKdc.vcxproj", "{B7205245-FF7A-650F-599E-8D37A9812EB8}"
EndProject
Project("{8BC9CEB8-8B4A-11D0-8D11-00A0C91BC942}") = "TestTask", "TestTask\TestTask.vcxproj", "{681FB087-6D8A-2F13-C390-821D69E4C8D6}"
EndProject
Project("{8BC9CEB8-8B4A-11D0-8D11-00A0C91BC942}") = "LibLfm", "LibLfm\LibLfm.vcxproj", "{1835D4A5-1C4E-2EA1-B1E8-08AEA0DE90CD}"
EndProject
Project("{2150E333-8FDC-42A3-9474-1A3956D46DE8}") = "LFM", "LFM", "{67026D9F-56F1-4BDC-96BE-8D8F1C7C7049}"
EndProject
Project("{8BC9CEB8-8B4A-11D0-8D11-00A0C91BC942}") = "Seci", "Seci\Seci.vcxproj", "{59987626-C40B-DFBE-83CF-C352ACD66C9A}"
EndProject
Project("{8BC9CEB8-8B4A-11D0-8D11-00A0C91BC942}") = "DownloadAndRun-x64", "DownloadAndRun-x64\DownloadAndRun-x64.vcxproj", "{E0EA9897-3D65-7A91-42C0-2A140E10ED96}"
EndProject
Project("{8BC9CEB8-8B4A-11D0-8D11-00A0C91BC942}") = "Load", "Load\Load.vcxproj", "{515212EE-1B6A-BA65-1E41-54F4E05FB3A7}"
EndProject
Project("{8BC9CEB8-8B4A-11D0-8D11-00A0C91BC942}") = "DLL", "DLL\DLL.vcxproj", "{D713F2E3-2241-557F-CA3A-E04085ECBEAC}"
EndProject
Project("{8BC9CEB8-8B4A-11D0-8D11-00A0C91BC942}") = "LibScLfm", "LibScLfm\LibScLfm.vcxproj", "{2A8F889B-D961-413B-AF33-C57DC6375D11}"
EndProject
Project("{8BC9CEB8-8B4A-11D0-8D11-00A0C91BC942}") = "ScLfm+ACG", "ScLfm+ACG\ScLfm+ACG.vcxproj", "{33A8391E-D781-BD43-E872-78796B4B9CD3}"
EndProject
Project("{8BC9CEB8-8B4A-11D0-8D11-00A0C91BC942}") = "InjLfmACG", "InjLfmACG\InjLfmACG.vcxproj", "{AC6D891B-4ADF-305F-87AE-27ADD6FC496D}"
EndProject
Project("{8BC9CEB8-8B4A-11D0-8D11-00A0C91BC942}") = "InjLfm", "InjLfm\InjLfm.vcxproj", "{6518E2E4-6BA3-A11B-14B6-EE4B58C4F0BB}"
EndProject
Project("{2150E333-8FDC-42A3-9474-1A3956D46DE8}") = "Tool", "Tool", "{2CF8ADFA-32DB-4437-A717-5A5AE8E930DB}"
EndProject
Project("{2150E333-8FDC-42A3-9474-1A3956D46DE8}") = "LIB", "LIB", "{A325783E-C679-449F-800E-FE9CAD86700A}"
EndProject
Project("{8BC9CEB8-8B4A-11D0-8D11-00A0C91BC942}") = "NewScProj", "NewScProj\NewScProj.vcxproj", "{68C81E6E-EA30-65AF-2725-CF136FD0975C}"
EndProject
Project("{8BC9CEB8-8B4A-11D0-8D11-00A0C91BC942}") = "SFL", "SFL\SFL.vcxproj", "{C307B5B5-7042-933B-539C-C2CF002C5C0D}"
EndProject
Project("{8BC9CEB8-8B4A-11D0-8D11-00A0C91BC942}") = "DUAC", "DUAC\DUAC.vcxproj", "{AFE04499-F71A-CA7A-D978-895100682D0F}"
EndProject
Project("{8BC9CEB8-8B4A-11D0-8D11-00A0C91BC942}") = "FSR", "FSR\FSR.vcxproj", "{398D5A08-E1D0-8C08-AB34-D52ACBA683F5}"
EndProject
Project("{8BC9CEB8-8B4A-11D0-8D11-00A0C91BC942}") = "Y-D", "Y-D\Y-D.vcxproj", "{10820A68-B219-6E12-8799-8036F3A554A7}"
EndProject
Project("{8BC9CEB8-8B4A-11D0-8D11-00A0C91BC942}") = "AA", "AA\AA.vcxproj", "{82BC09FA-39A4-05EB-21E4-22222E092A9F}"
EndProject
Project("{8BC9CEB8-8B4A-11D0-8D11-00A0C91BC942}") = "Hunter", "Hunter\Hunter.vcxproj", "{D13D4D84-2398-4EB2-2EC5-EA303C7D0BC3}"
EndProject
Global
	GlobalSection(SolutionConfigurationPlatforms) = preSolution
		Debug|x64 = Debug|x64
		Debug|x86 = Debug|x86
		Release|x64 = Release|x64
		Release|x86 = Release|x86
	EndGlobalSection
	GlobalSection(ProjectConfigurationPlatforms) = postSolution
		{48578B25-F1CE-1033-484C-76884D05DA77}.Debug|x64.ActiveCfg = Release|x64
		{48578B25-F1CE-1033-484C-76884D05DA77}.Debug|x64.Build.0 = Release|x64
		{48578B25-F1CE-1033-484C-76884D05DA77}.Debug|x86.ActiveCfg = Release|Win32
		{48578B25-F1CE-1033-484C-76884D05DA77}.Debug|x86.Build.0 = Release|Win32
		{48578B25-F1CE-1033-484C-76884D05DA77}.Release|x64.ActiveCfg = Release|x64
		{48578B25-F1CE-1033-484C-76884D05DA77}.Release|x64.Build.0 = Release|x64
		{48578B25-F1CE-1033-484C-76884D05DA77}.Release|x86.ActiveCfg = Release|Win32
		{E91A4892-8E4C-D8B7-599C-3358FFF20CB6}.Debug|x64.ActiveCfg = Release|x64
		{E91A4892-8E4C-D8B7-599C-3358FFF20CB6}.Debug|x64.Build.0 = Release|x64
		{E91A4892-8E4C-D8B7-599C-3358FFF20CB6}.Debug|x86.ActiveCfg = Release|Win32
		{E91A4892-8E4C-D8B7-599C-3358FFF20CB6}.Debug|x86.Build.0 = Release|Win32
		{E91A4892-8E4C-D8B7-599C-3358FFF20CB6}.Release|x64.ActiveCfg = Release|x64
		{E91A4892-8E4C-D8B7-599C-3358FFF20CB6}.Release|x64.Build.0 = Release|x64
		{E91A4892-8E4C-D8B7-599C-3358FFF20CB6}.Release|x86.ActiveCfg = Release|Win32
		{E91A4892-8E4C-D8B7-599C-3358FFF20CB6}.Release|x86.Build.0 = Release|Win32
		{BDC6BB36-8D34-78DA-2051-7A40214FB845}.Debug|x64.ActiveCfg = Release|x64
		{BDC6BB36-8D34-78DA-2051-7A40214FB845}.Debug|x64.Build.0 = Release|x64
		{BDC6BB36-8D34-78DA-2051-7A40214FB845}.Debug|x86.ActiveCfg = Release|Win32
		{BDC6BB36-8D34-78DA-2051-7A40214FB845}.Debug|x86.Build.0 = Release|Win32
		{BDC6BB36-8D34-78DA-2051-7A40214FB845}.Release|x64.ActiveCfg = Release|x64
		{BDC6BB36-8D34-78DA-2051-7A40214FB845}.Release|x64.Build.0 = Release|x64
		{BDC6BB36-8D34-78DA-2051-7A40214FB845}.Release|x86.ActiveCfg = Release|Win32
		{BDC6BB36-8D34-78DA-2051-7A40214FB845}.Release|x86.Build.0 = Release|Win32
		{435235B0-2C16-42AA-83E6-C5508DD1D350}.Debug|x64.ActiveCfg = Debug|x64
		{435235B0-2C16-42AA-83E6-C5508DD1D350}.Debug|x64.Build.0 = Debug|x64
		{435235B0-2C16-42AA-83E6-C5508DD1D350}.Debug|x86.ActiveCfg = Debug|x64
		{435235B0-2C16-42AA-83E6-C5508DD1D350}.Release|x64.ActiveCfg = Release|x64
		{435235B0-2C16-42AA-83E6-C5508DD1D350}.Release|x64.Build.0 = Release|x64
		{435235B0-2C16-42AA-83E6-C5508DD1D350}.Release|x86.ActiveCfg = Release|Win32
		{633C619A-510E-E3D4-D208-18F6763417D4}.Debug|x64.ActiveCfg = Release|x64
		{633C619A-510E-E3D4-D208-18F6763417D4}.Debug|x64.Build.0 = Release|x64
		{633C619A-510E-E3D4-D208-18F6763417D4}.Debug|x86.ActiveCfg = Release|Win32
		{633C619A-510E-E3D4-D208-18F6763417D4}.Debug|x86.Build.0 = Release|Win32
		{633C619A-510E-E3D4-D208-18F6763417D4}.Release|x64.ActiveCfg = Release|x64
		{633C619A-510E-E3D4-D208-18F6763417D4}.Release|x64.Build.0 = Release|x64
		{633C619A-510E-E3D4-D208-18F6763417D4}.Release|x86.ActiveCfg = Release|Win32
		{633C619A-510E-E3D4-D208-18F6763417D4}.Release|x86.Build.0 = Release|Win32
		{F743F671-FE6B-306B-B130-F4C90CFCD789}.Debug|x64.ActiveCfg = Release|x64
		{F743F671-FE6B-306B-B130-F4C90CFCD789}.Debug|x64.Build.0 = Release|x64
		{F743F671-FE6B-306B-B130-F4C90CFCD789}.Debug|x86.ActiveCfg = Release|Win32
		{F743F671-FE6B-306B-B130-F4C90CFCD789}.Debug|x86.Build.0 = Release|Win32
		{F743F671-FE6B-306B-B130-F4C90CFCD789}.Release|x64.ActiveCfg = Release|x64
		{F743F671-FE6B-306B-B130-F4C90CFCD789}.Release|x64.Build.0 = Release|x64
		{F743F671-FE6B-306B-B130-F4C90CFCD789}.Release|x86.ActiveCfg = Release|Win32
		{F743F671-FE6B-306B-B130-F4C90CFCD789}.Release|x86.Build.0 = Release|Win32
		{7D8D57CF-6C6C-4F2D-4124-8CC471B02EA1}.Debug|x64.ActiveCfg = Release|x64
		{7D8D57CF-6C6C-4F2D-4124-8CC471B02EA1}.Debug|x64.Build.0 = Release|x64
		{7D8D57CF-6C6C-4F2D-4124-8CC471B02EA1}.Debug|x86.ActiveCfg = Release|x64
		{7D8D57CF-6C6C-4F2D-4124-8CC471B02EA1}.Release|x64.ActiveCfg = Release|x64
		{7D8D57CF-6C6C-4F2D-4124-8CC471B02EA1}.Release|x64.Build.0 = Release|x64
		{7D8D57CF-6C6C-4F2D-4124-8CC471B02EA1}.Release|x86.ActiveCfg = Release|x64
		{41DC60FF-4598-9334-F43C-3670EE21066B}.Debug|x64.ActiveCfg = Release|x64
		{41DC60FF-4598-9334-F43C-3670EE21066B}.Debug|x64.Build.0 = Release|x64
		{41DC60FF-4598-9334-F43C-3670EE21066B}.Debug|x86.ActiveCfg = Release|Win32
		{41DC60FF-4598-9334-F43C-3670EE21066B}.Debug|x86.Build.0 = Release|Win32
		{41DC60FF-4598-9334-F43C-3670EE21066B}.Release|x64.ActiveCfg = Release|Win32
		{41DC60FF-4598-9334-F43C-3670EE21066B}.Release|x64.Build.0 = Release|Win32
		{41DC60FF-4598-9334-F43C-3670EE21066B}.Release|x86.ActiveCfg = Release|Win32
		{41DC60FF-4598-9334-F43C-3670EE21066B}.Release|x86.Build.0 = Release|Win32
		{B4DDBFF7-656B-C26A-F3CB-C7C1ABA34806}.Debug|x64.ActiveCfg = Release|x64
		{B4DDBFF7-656B-C26A-F3CB-C7C1ABA34806}.Debug|x64.Build.0 = Release|x64
		{B4DDBFF7-656B-C26A-F3CB-C7C1ABA34806}.Debug|x86.ActiveCfg = Release|Win32
		{B4DDBFF7-656B-C26A-F3CB-C7C1ABA34806}.Debug|x86.Build.0 = Release|Win32
		{B4DDBFF7-656B-C26A-F3CB-C7C1ABA34806}.Release|x64.ActiveCfg = Release|x64
		{B4DDBFF7-656B-C26A-F3CB-C7C1ABA34806}.Release|x64.Build.0 = Release|x64
		{B4DDBFF7-656B-C26A-F3CB-C7C1ABA34806}.Release|x86.ActiveCfg = Release|Win32
		{B4DDBFF7-656B-C26A-F3CB-C7C1ABA34806}.Release|x86.Build.0 = Release|Win32
		{6AE06417-9937-C3C2-F543-FB6EB9D7176F}.Debug|x64.ActiveCfg = Release|x64
		{6AE06417-9937-C3C2-F543-FB6EB9D7176F}.Debug|x64.Build.0 = Release|x64
		{6AE06417-9937-C3C2-F543-FB6EB9D7176F}.Debug|x86.ActiveCfg = Release|Win32
		{6AE06417-9937-C3C2-F543-FB6EB9D7176F}.Debug|x86.Build.0 = Release|Win32
		{6AE06417-9937-C3C2-F543-FB6EB9D7176F}.Release|x64.ActiveCfg = Release|x64
		{6AE06417-9937-C3C2-F543-FB6EB9D7176F}.Release|x64.Build.0 = Release|x64
		{6AE06417-9937-C3C2-F543-FB6EB9D7176F}.Release|x86.ActiveCfg = Release|Win32
		{6AE06417-9937-C3C2-F543-FB6EB9D7176F}.Release|x86.Build.0 = Release|Win32
		{B7205245-FF7A-650F-599E-8D37A9812EB8}.Debug|x64.ActiveCfg = Release|x64
		{B7205245-FF7A-650F-599E-8D37A9812EB8}.Debug|x64.Build.0 = Release|x64
		{B7205245-FF7A-650F-599E-8D37A9812EB8}.Debug|x86.ActiveCfg = Release|Win32
		{B7205245-FF7A-650F-599E-8D37A9812EB8}.Debug|x86.Build.0 = Release|Win32
		{B7205245-FF7A-650F-599E-8D37A9812EB8}.Release|x64.ActiveCfg = Release|x64
		{B7205245-FF7A-650F-599E-8D37A9812EB8}.Release|x64.Build.0 = Release|x64
		{B7205245-FF7A-650F-599E-8D37A9812EB8}.Release|x86.ActiveCfg = Release|Win32
		{B7205245-FF7A-650F-599E-8D37A9812EB8}.Release|x86.Build.0 = Release|Win32
		{681FB087-6D8A-2F13-C390-821D69E4C8D6}.Debug|x64.ActiveCfg = Release|x64
		{681FB087-6D8A-2F13-C390-821D69E4C8D6}.Debug|x64.Build.0 = Release|x64
		{681FB087-6D8A-2F13-C390-821D69E4C8D6}.Debug|x86.ActiveCfg = Release|x64
		{681FB087-6D8A-2F13-C390-821D69E4C8D6}.Release|x64.ActiveCfg = Release|x64
		{681FB087-6D8A-2F13-C390-821D69E4C8D6}.Release|x64.Build.0 = Release|x64
		{681FB087-6D8A-2F13-C390-821D69E4C8D6}.Release|x86.ActiveCfg = Release|x64
		{1835D4A5-1C4E-2EA1-B1E8-08AEA0DE90CD}.Debug|x64.ActiveCfg = Release|x64
		{1835D4A5-1C4E-2EA1-B1E8-08AEA0DE90CD}.Debug|x64.Build.0 = Release|x64
		{1835D4A5-1C4E-2EA1-B1E8-08AEA0DE90CD}.Debug|x86.ActiveCfg = Release|Win32
		{1835D4A5-1C4E-2EA1-B1E8-08AEA0DE90CD}.Debug|x86.Build.0 = Release|Win32
		{1835D4A5-1C4E-2EA1-B1E8-08AEA0DE90CD}.Release|x64.ActiveCfg = Release|x64
		{1835D4A5-1C4E-2EA1-B1E8-08AEA0DE90CD}.Release|x64.Build.0 = Release|x64
		{1835D4A5-1C4E-2EA1-B1E8-08AEA0DE90CD}.Release|x86.ActiveCfg = Release|Win32
		{1835D4A5-1C4E-2EA1-B1E8-08AEA0DE90CD}.Release|x86.Build.0 = Release|Win32
		{59987626-C40B-DFBE-83CF-C352ACD66C9A}.Debug|x64.ActiveCfg = Release|x64
		{59987626-C40B-DFBE-83CF-C352ACD66C9A}.Debug|x64.Build.0 = Release|x64
		{59987626-C40B-DFBE-83CF-C352ACD66C9A}.Debug|x86.ActiveCfg = Release|Win32
		{59987626-C40B-DFBE-83CF-C352ACD66C9A}.Debug|x86.Build.0 = Release|Win32
		{59987626-C40B-DFBE-83CF-C352ACD66C9A}.Release|x64.ActiveCfg = Release|x64
		{59987626-C40B-DFBE-83CF-C352ACD66C9A}.Release|x64.Build.0 = Release|x64
		{59987626-C40B-DFBE-83CF-C352ACD66C9A}.Release|x86.ActiveCfg = Release|Win32
		{59987626-C40B-DFBE-83CF-C352ACD66C9A}.Release|x86.Build.0 = Release|Win32
		{E0EA9897-3D65-7A91-42C0-2A140E10ED96}.Debug|x64.ActiveCfg = Release|x64
		{E0EA9897-3D65-7A91-42C0-2A140E10ED96}.Debug|x64.Build.0 = Release|x64
		{E0EA9897-3D65-7A91-42C0-2A140E10ED96}.Debug|x86.ActiveCfg = Release|x64
		{E0EA9897-3D65-7A91-42C0-2A140E10ED96}.Debug|x86.Build.0 = Release|x64
		{E0EA9897-3D65-7A91-42C0-2A140E10ED96}.Release|x64.ActiveCfg = Release|x64
		{E0EA9897-3D65-7A91-42C0-2A140E10ED96}.Release|x64.Build.0 = Release|x64
		{E0EA9897-3D65-7A91-42C0-2A140E10ED96}.Release|x86.ActiveCfg = Release|x64
		{E0EA9897-3D65-7A91-42C0-2A140E10ED96}.Release|x86.Build.0 = Release|x64
		{515212EE-1B6A-BA65-1E41-54F4E05FB3A7}.Debug|x64.ActiveCfg = Release|x64
		{515212EE-1B6A-BA65-1E41-54F4E05FB3A7}.Debug|x64.Build.0 = Release|x64
		{515212EE-1B6A-BA65-1E41-54F4E05FB3A7}.Debug|x86.ActiveCfg = Release|Win32
		{515212EE-1B6A-BA65-1E41-54F4E05FB3A7}.Debug|x86.Build.0 = Release|Win32
		{515212EE-1B6A-BA65-1E41-54F4E05FB3A7}.Release|x64.ActiveCfg = Release|x64
		{515212EE-1B6A-BA65-1E41-54F4E05FB3A7}.Release|x64.Build.0 = Release|x64
		{515212EE-1B6A-BA65-1E41-54F4E05FB3A7}.Release|x86.ActiveCfg = Release|Win32
		{515212EE-1B6A-BA65-1E41-54F4E05FB3A7}.Release|x86.Build.0 = Release|Win32
		{D713F2E3-2241-557F-CA3A-E04085ECBEAC}.Debug|x64.ActiveCfg = Release|x64
		{D713F2E3-2241-557F-CA3A-E04085ECBEAC}.Debug|x64.Build.0 = Release|x64
		{D713F2E3-2241-557F-CA3A-E04085ECBEAC}.Debug|x86.ActiveCfg = Release|Win32
		{D713F2E3-2241-557F-CA3A-E04085ECBEAC}.Debug|x86.Build.0 = Release|Win32
		{D713F2E3-2241-557F-CA3A-E04085ECBEAC}.Release|x64.ActiveCfg = Release|x64
		{D713F2E3-2241-557F-CA3A-E04085ECBEAC}.Release|x64.Build.0 = Release|x64
		{D713F2E3-2241-557F-CA3A-E04085ECBEAC}.Release|x86.ActiveCfg = Release|Win32
		{D713F2E3-2241-557F-CA3A-E04085ECBEAC}.Release|x86.Build.0 = Release|Win32
		{2A8F889B-D961-413B-AF33-C57DC6375D11}.Debug|x64.ActiveCfg = Debug|x64
		{2A8F889B-D961-413B-AF33-C57DC6375D11}.Debug|x64.Build.0 = Debug|x64
		{2A8F889B-D961-413B-AF33-C57DC6375D11}.Debug|x86.ActiveCfg = Debug|Win32
		{2A8F889B-D961-413B-AF33-C57DC6375D11}.Debug|x86.Build.0 = Debug|Win32
		{2A8F889B-D961-413B-AF33-C57DC6375D11}.Release|x64.ActiveCfg = Release|x64
		{2A8F889B-D961-413B-AF33-C57DC6375D11}.Release|x64.Build.0 = Release|x64
		{2A8F889B-D961-413B-AF33-C57DC6375D11}.Release|x86.ActiveCfg = Release|Win32
		{2A8F889B-D961-413B-AF33-C57DC6375D11}.Release|x86.Build.0 = Release|Win32
		{33A8391E-D781-BD43-E872-78796B4B9CD3}.Debug|x64.ActiveCfg = Release|x64
		{33A8391E-D781-BD43-E872-78796B4B9CD3}.Debug|x64.Build.0 = Release|x64
		{33A8391E-D781-BD43-E872-78796B4B9CD3}.Debug|x86.ActiveCfg = Release|Win32
		{33A8391E-D781-BD43-E872-78796B4B9CD3}.Debug|x86.Build.0 = Release|Win32
		{33A8391E-D781-BD43-E872-78796B4B9CD3}.Release|x64.ActiveCfg = Release|x64
		{33A8391E-D781-BD43-E872-78796B4B9CD3}.Release|x64.Build.0 = Release|x64
		{33A8391E-D781-BD43-E872-78796B4B9CD3}.Release|x86.ActiveCfg = Release|Win32
		{33A8391E-D781-BD43-E872-78796B4B9CD3}.Release|x86.Build.0 = Release|Win32
		{AC6D891B-4ADF-305F-87AE-27ADD6FC496D}.Debug|x64.ActiveCfg = Release|x64
		{AC6D891B-4ADF-305F-87AE-27ADD6FC496D}.Debug|x64.Build.0 = Release|x64
		{AC6D891B-4ADF-305F-87AE-27ADD6FC496D}.Debug|x86.ActiveCfg = Release|Win32
		{AC6D891B-4ADF-305F-87AE-27ADD6FC496D}.Debug|x86.Build.0 = Release|Win32
		{AC6D891B-4ADF-305F-87AE-27ADD6FC496D}.Release|x64.ActiveCfg = Release|x64
		{AC6D891B-4ADF-305F-87AE-27ADD6FC496D}.Release|x64.Build.0 = Release|x64
		{AC6D891B-4ADF-305F-87AE-27ADD6FC496D}.Release|x86.ActiveCfg = Release|Win32
		{AC6D891B-4ADF-305F-87AE-27ADD6FC496D}.Release|x86.Build.0 = Release|Win32
		{6518E2E4-6BA3-A11B-14B6-EE4B58C4F0BB}.Debug|x64.ActiveCfg = Release|x64
		{6518E2E4-6BA3-A11B-14B6-EE4B58C4F0BB}.Debug|x64.Build.0 = Release|x64
		{6518E2E4-6BA3-A11B-14B6-EE4B58C4F0BB}.Debug|x86.ActiveCfg = Release|Win32
		{6518E2E4-6BA3-A11B-14B6-EE4B58C4F0BB}.Debug|x86.Build.0 = Release|Win32
		{6518E2E4-6BA3-A11B-14B6-EE4B58C4F0BB}.Release|x64.ActiveCfg = Release|x64
		{6518E2E4-6BA3-A11B-14B6-EE4B58C4F0BB}.Release|x64.Build.0 = Release|x64
		{6518E2E4-6BA3-A11B-14B6-EE4B58C4F0BB}.Release|x86.ActiveCfg = Release|Win32
		{6518E2E4-6BA3-A11B-14B6-EE4B58C4F0BB}.Release|x86.Build.0 = Release|Win32
		{68C81E6E-EA30-65AF-2725-CF136FD0975C}.Debug|x64.ActiveCfg = Release|Win32
		{68C81E6E-EA30-65AF-2725-CF136FD0975C}.Debug|x64.Build.0 = Release|Win32
		{68C81E6E-EA30-65AF-2725-CF136FD0975C}.Debug|x86.ActiveCfg = Release|Win32
		{68C81E6E-EA30-65AF-2725-CF136FD0975C}.Debug|x86.Build.0 = Release|Win32
		{68C81E6E-EA30-65AF-2725-CF136FD0975C}.Release|x64.ActiveCfg = Release|Win32
		{68C81E6E-EA30-65AF-2725-CF136FD0975C}.Release|x64.Build.0 = Release|Win32
		{68C81E6E-EA30-65AF-2725-CF136FD0975C}.Release|x86.ActiveCfg = Release|Win32
		{68C81E6E-EA30-65AF-2725-CF136FD0975C}.Release|x86.Build.0 = Release|Win32
		{C307B5B5-7042-933B-539C-C2CF002C5C0D}.Debug|x64.ActiveCfg = Release|x64
		{C307B5B5-7042-933B-539C-C2CF002C5C0D}.Debug|x64.Build.0 = Release|x64
		{C307B5B5-7042-933B-539C-C2CF002C5C0D}.Debug|x86.ActiveCfg = Release|Win32
		{C307B5B5-7042-933B-539C-C2CF002C5C0D}.Debug|x86.Build.0 = Release|Win32
		{C307B5B5-7042-933B-539C-C2CF002C5C0D}.Release|x64.ActiveCfg = Release|x64
		{C307B5B5-7042-933B-539C-C2CF002C5C0D}.Release|x64.Build.0 = Release|x64
		{C307B5B5-7042-933B-539C-C2CF002C5C0D}.Release|x86.ActiveCfg = Release|Win32
		{C307B5B5-7042-933B-539C-C2CF002C5C0D}.Release|x86.Build.0 = Release|Win32
		{AFE04499-F71A-CA7A-D978-895100682D0F}.Debug|x64.ActiveCfg = Release|x64
		{AFE04499-F71A-CA7A-D978-895100682D0F}.Debug|x64.Build.0 = Release|x64
		{AFE04499-F71A-CA7A-D978-895100682D0F}.Debug|x86.ActiveCfg = Release|Win32
		{AFE04499-F71A-CA7A-D978-895100682D0F}.Debug|x86.Build.0 = Release|Win32
		{AFE04499-F71A-CA7A-D978-895100682D0F}.Release|x64.ActiveCfg = Release|x64
		{AFE04499-F71A-CA7A-D978-895100682D0F}.Release|x64.Build.0 = Release|x64
		{AFE04499-F71A-CA7A-D978-895100682D0F}.Release|x86.ActiveCfg = Release|Win32
		{AFE04499-F71A-CA7A-D978-895100682D0F}.Release|x86.Build.0 = Release|Win32
		{398D5A08-E1D0-8C08-AB34-D52ACBA683F5}.Debug|x64.ActiveCfg = Release|x64
		{398D5A08-E1D0-8C08-AB34-D52ACBA683F5}.Debug|x64.Build.0 = Release|x64
		{398D5A08-E1D0-8C08-AB34-D52ACBA683F5}.Debug|x86.ActiveCfg = Release|Win32
		{398D5A08-E1D0-8C08-AB34-D52ACBA683F5}.Debug|x86.Build.0 = Release|Win32
		{398D5A08-E1D0-8C08-AB34-D52ACBA683F5}.Release|x64.ActiveCfg = Release|x64
		{398D5A08-E1D0-8C08-AB34-D52ACBA683F5}.Release|x64.Build.0 = Release|x64
		{398D5A08-E1D0-8C08-AB34-D52ACBA683F5}.Release|x86.ActiveCfg = Release|Win32
		{398D5A08-E1D0-8C08-AB34-D52ACBA683F5}.Release|x86.Build.0 = Release|Win32
		{10820A68-B219-6E12-8799-8036F3A554A7}.Debug|x64.ActiveCfg = Release|x64
		{10820A68-B219-6E12-8799-8036F3A554A7}.Debug|x64.Build.0 = Release|x64
		{10820A68-B219-6E12-8799-8036F3A554A7}.Debug|x86.ActiveCfg = Release|Win32
		{10820A68-B219-6E12-8799-8036F3A554A7}.Debug|x86.Build.0 = Release|Win32
		{10820A68-B219-6E12-8799-8036F3A554A7}.Release|x64.ActiveCfg = Release|x64
		{10820A68-B219-6E12-8799-8036F3A554A7}.Release|x64.Build.0 = Release|x64
		{10820A68-B219-6E12-8799-8036F3A554A7}.Release|x86.ActiveCfg = Release|Win32
		{10820A68-B219-6E12-8799-8036F3A554A7}.Release|x86.Build.0 = Release|Win32
		{82BC09FA-39A4-05EB-21E4-22222E092A9F}.Debug|x64.ActiveCfg = Release|x64
		{82BC09FA-39A4-05EB-21E4-22222E092A9F}.Debug|x64.Build.0 = Release|x64
		{82BC09FA-39A4-05EB-21E4-22222E092A9F}.Debug|x86.ActiveCfg = Release|Win32
		{82BC09FA-39A4-05EB-21E4-22222E092A9F}.Debug|x86.Build.0 = Release|Win32
		{82BC09FA-39A4-05EB-21E4-22222E092A9F}.Release|x64.ActiveCfg = Release|x64
		{82BC09FA-39A4-05EB-21E4-22222E092A9F}.Release|x64.Build.0 = Release|x64
		{82BC09FA-39A4-05EB-21E4-22222E092A9F}.Release|x86.ActiveCfg = Release|Win32
		{82BC09FA-39A4-05EB-21E4-22222E092A9F}.Release|x86.Build.0 = Release|Win32
		{D13D4D84-2398-4EB2-2EC5-EA303C7D0BC3}.Debug|x64.ActiveCfg = Release|x64
		{D13D4D84-2398-4EB2-2EC5-EA303C7D0BC3}.Debug|x64.Build.0 = Release|x64
		{D13D4D84-2398-4EB2-2EC5-EA303C7D0BC3}.Debug|x86.ActiveCfg = Release|Win32
		{D13D4D84-2398-4EB2-2EC5-EA303C7D0BC3}.Debug|x86.Build.0 = Release|Win32
		{D13D4D84-2398-4EB2-2EC5-EA303C7D0BC3}.Release|x64.ActiveCfg = Release|x64
		{D13D4D84-2398-4EB2-2EC5-EA303C7D0BC3}.Release|x64.Build.0 = Release|x64
		{D13D4D84-2398-4EB2-2EC5-EA303C7D0BC3}.Release|x86.ActiveCfg = Release|Win32
		{D13D4D84-2398-4EB2-2EC5-EA303C7D0BC3}.Release|x86.Build.0 = Release|Win32
	EndGlobalSection
	GlobalSection(SolutionProperties) = preSolution
		HideSolutionNode = FALSE
	EndGlobalSection
	GlobalSection(NestedProjects) = preSolution
		{48578B25-F1CE-1033-484C-76884D05DA77} = {A325783E-C679-449F-800E-FE9CAD86700A}
		{E91A4892-8E4C-D8B7-599C-3358FFF20CB6} = {A325783E-C679-449F-800E-FE9CAD86700A}
		{1835D4A5-1C4E-2EA1-B1E8-08AEA0DE90CD} = {67026D9F-56F1-4BDC-96BE-8D8F1C7C7049}
		{515212EE-1B6A-BA65-1E41-54F4E05FB3A7} = {67026D9F-56F1-4BDC-96BE-8D8F1C7C7049}
		{D713F2E3-2241-557F-CA3A-E04085ECBEAC} = {67026D9F-56F1-4BDC-96BE-8D8F1C7C7049}
		{2A8F889B-D961-413B-AF33-C57DC6375D11} = {67026D9F-56F1-4BDC-96BE-8D8F1C7C7049}
		{AC6D891B-4ADF-305F-87AE-27ADD6FC496D} = {67026D9F-56F1-4BDC-96BE-8D8F1C7C7049}
		{6518E2E4-6BA3-A11B-14B6-EE4B58C4F0BB} = {67026D9F-56F1-4BDC-96BE-8D8F1C7C7049}
		{68C81E6E-EA30-65AF-2725-CF136FD0975C} = {2CF8ADFA-32DB-4437-A717-5A5AE8E930DB}
		{10820A68-B219-6E12-8799-8036F3A554A7} = {67026D9F-56F1-4BDC-96BE-8D8F1C7C7049}
	EndGlobalSection
	GlobalSection(ExtensibilityGlobals) = postSolution
		            SolutionGuid = {3F900B2D-D854-4D44-9CC2-C7D9A85A41A3}
		                    SolutionGuid = {31E95A3C-0BE4-4890-815C-0391F78DB4AF}
		                SolutionGuid = {0A7AB709-7E2F-4C29-BCBC-0C0093D1DE9D}
		        SolutionGuid = {2544B80C-0087-4A68-9D64-414DB4A18640}
		    SolutionGuid = {59EF4CD2-2BE9-4A92-A93F-5E177F8F8592}
		SolutionGuid = {725DD0BC-199E-422F-98F1-7AAA7247266A}
	EndGlobalSection
EndGlobal
